// !$*UTF8*$!
{
	archiveVersion = 1;
	classes = {
	};
	objectVersion = 56;
	objects = {

/* Begin PBXBuildFile section */
		18EAD5542B6C3FE30035E40D /* WorldOfPAYBACKApp.swift in Sources */ = {isa = PBXBuildFile; fileRef = 18EAD5532B6C3FE30035E40D /* WorldOfPAYBACKApp.swift */; };
		18EAD5562B6C3FE30035E40D /* MainView.swift in Sources */ = {isa = PBXBuildFile; fileRef = 18EAD5552B6C3FE30035E40D /* MainView.swift */; };
		18EAD5582B6C3FE40035E40D /* Assets.xcassets in Resources */ = {isa = PBXBuildFile; fileRef = 18EAD5572B6C3FE40035E40D /* Assets.xcassets */; };
		18EAD55B2B6C3FE40035E40D /* Preview Assets.xcassets in Resources */ = {isa = PBXBuildFile; fileRef = 18EAD55A2B6C3FE40035E40D /* Preview Assets.xcassets */; };
		18EAD5652B6C41540035E40D /* RouterView.swift in Sources */ = {isa = PBXBuildFile; fileRef = 18EAD5642B6C41540035E40D /* RouterView.swift */; };
		18EAD5672B6C41B80035E40D /* Router.swift in Sources */ = {isa = PBXBuildFile; fileRef = 18EAD5662B6C41B80035E40D /* Router.swift */; };
		18EAD5692B6C41DB0035E40D /* AppRoute.swift in Sources */ = {isa = PBXBuildFile; fileRef = 18EAD5682B6C41DB0035E40D /* AppRoute.swift */; };
		18EAD56C2B6C421A0035E40D /* DashboardView.swift in Sources */ = {isa = PBXBuildFile; fileRef = 18EAD56B2B6C421A0035E40D /* DashboardView.swift */; };
		18EAD56F2B6C42340035E40D /* TransactionsView.swift in Sources */ = {isa = PBXBuildFile; fileRef = 18EAD56E2B6C42340035E40D /* TransactionsView.swift */; };
		18EAD5722B6C423F0035E40D /* FilterView.swift in Sources */ = {isa = PBXBuildFile; fileRef = 18EAD5712B6C423F0035E40D /* FilterView.swift */; };
		18EAD5782B6C436B0035E40D /* NavigationView.swift in Sources */ = {isa = PBXBuildFile; fileRef = 18EAD5772B6C436B0035E40D /* NavigationView.swift */; };
		18EAD5802B6C43FE0035E40D /* Theme+Dimensions.swift in Sources */ = {isa = PBXBuildFile; fileRef = 18EAD57C2B6C43FE0035E40D /* Theme+Dimensions.swift */; };
		18EAD5812B6C43FE0035E40D /* Theme+Fonts.swift in Sources */ = {isa = PBXBuildFile; fileRef = 18EAD57D2B6C43FE0035E40D /* Theme+Fonts.swift */; };
		18EAD5822B6C43FE0035E40D /* Theme+Constants.swift in Sources */ = {isa = PBXBuildFile; fileRef = 18EAD57E2B6C43FE0035E40D /* Theme+Constants.swift */; };
		18EAD5832B6C43FE0035E40D /* Theme+Colors.swift in Sources */ = {isa = PBXBuildFile; fileRef = 18EAD57F2B6C43FE0035E40D /* Theme+Colors.swift */; };
		18EAD5952B6C47A90035E40D /* Alias.swift in Sources */ = {isa = PBXBuildFile; fileRef = 18EAD5942B6C47A90035E40D /* Alias.swift */; };
		18EAD5972B6C47B10035E40D /* Transaction.swift in Sources */ = {isa = PBXBuildFile; fileRef = 18EAD5962B6C47B10035E40D /* Transaction.swift */; };
		18EAD5992B6C47BD0035E40D /* TransactionDetail.swift in Sources */ = {isa = PBXBuildFile; fileRef = 18EAD5982B6C47BD0035E40D /* TransactionDetail.swift */; };
		18EAD59B2B6C47C30035E40D /* TransactionsContainer.swift in Sources */ = {isa = PBXBuildFile; fileRef = 18EAD59A2B6C47C30035E40D /* TransactionsContainer.swift */; };
		18EAD59D2B6C47C90035E40D /* Value.swift in Sources */ = {isa = PBXBuildFile; fileRef = 18EAD59C2B6C47C90035E40D /* Value.swift */; };
		18EAD59F2B6C47D90035E40D /* TransactionMock.swift in Sources */ = {isa = PBXBuildFile; fileRef = 18EAD59E2B6C47D90035E40D /* TransactionMock.swift */; };
		18EAD5A12B6C47E10035E40D /* IdentifiableTransaction.swift in Sources */ = {isa = PBXBuildFile; fileRef = 18EAD5A02B6C47E00035E40D /* IdentifiableTransaction.swift */; };
		18EAD5A42B6C48610035E40D /* APIConstants.swift in Sources */ = {isa = PBXBuildFile; fileRef = 18EAD5A32B6C48610035E40D /* APIConstants.swift */; };
		18EAD5A72B6C48940035E40D /* APIToken.swift in Sources */ = {isa = PBXBuildFile; fileRef = 18EAD5A62B6C48940035E40D /* APIToken.swift */; };
		18EAD5A92B6C48BB0035E40D /* AccessTokenManager.swift in Sources */ = {isa = PBXBuildFile; fileRef = 18EAD5A82B6C48BB0035E40D /* AccessTokenManager.swift */; };
		18EAD5AC2B6C49570035E40D /* TransactionsRequest.swift in Sources */ = {isa = PBXBuildFile; fileRef = 18EAD5AB2B6C49570035E40D /* TransactionsRequest.swift */; };
		18EAD5AF2B6C498B0035E40D /* AuthTokenRequest.swift in Sources */ = {isa = PBXBuildFile; fileRef = 18EAD5AE2B6C498B0035E40D /* AuthTokenRequest.swift */; };
		18EAD5B22B6C49D40035E40D /* DataParser.swift in Sources */ = {isa = PBXBuildFile; fileRef = 18EAD5B12B6C49D40035E40D /* DataParser.swift */; };
		18EAD5B52B6C4A000035E40D /* RequestManager.swift in Sources */ = {isa = PBXBuildFile; fileRef = 18EAD5B42B6C4A000035E40D /* RequestManager.swift */; };
		18EAD5B72B6C4A3F0035E40D /* APIManager.swift in Sources */ = {isa = PBXBuildFile; fileRef = 18EAD5B62B6C4A3F0035E40D /* APIManager.swift */; };
		18EAD5B92B6C4A710035E40D /* NetworkError.swift in Sources */ = {isa = PBXBuildFile; fileRef = 18EAD5B82B6C4A710035E40D /* NetworkError.swift */; };
		18EAD5BC2B6C4ADF0035E40D /* RequestProtocol.swift in Sources */ = {isa = PBXBuildFile; fileRef = 18EAD5BB2B6C4ADF0035E40D /* RequestProtocol.swift */; };
		18EAD5BE2B6C4B180035E40D /* RequestType.swift in Sources */ = {isa = PBXBuildFile; fileRef = 18EAD5BD2B6C4B180035E40D /* RequestType.swift */; };
		18EAD5C12B6C4B750035E40D /* AppUserDefaultsKeys.swift in Sources */ = {isa = PBXBuildFile; fileRef = 18EAD5C02B6C4B750035E40D /* AppUserDefaultsKeys.swift */; };
		18EAD5C32B6C4B860035E40D /* NetworkMonitor.swift in Sources */ = {isa = PBXBuildFile; fileRef = 18EAD5C22B6C4B860035E40D /* NetworkMonitor.swift */; };
		18EAD5C52B6C4BB80035E40D /* DateHelper.swift in Sources */ = {isa = PBXBuildFile; fileRef = 18EAD5C42B6C4BB80035E40D /* DateHelper.swift */; };
		18EAD5C72B6C4C050035E40D /* PBTransactions.json in Resources */ = {isa = PBXBuildFile; fileRef = 18EAD5C62B6C4C050035E40D /* PBTransactions.json */; };
		18EAD5CA2B6C4C3F0035E40D /* Array+Extension.swift in Sources */ = {isa = PBXBuildFile; fileRef = 18EAD5C92B6C4C3F0035E40D /* Array+Extension.swift */; };
		18EAD5CC2B6C4D0B0035E40D /* String+Extension.swift in Sources */ = {isa = PBXBuildFile; fileRef = 18EAD5CB2B6C4D0B0035E40D /* String+Extension.swift */; };
		18EAD5CF2B6C4E180035E40D /* TransactionRow.swift in Sources */ = {isa = PBXBuildFile; fileRef = 18EAD5CE2B6C4E180035E40D /* TransactionRow.swift */; };
		18EAD5D22B6C4EE20035E40D /* RowCard.swift in Sources */ = {isa = PBXBuildFile; fileRef = 18EAD5D12B6C4EE20035E40D /* RowCard.swift */; };
		18EAD5D42B6C4F290035E40D /* DescriptionCard.swift in Sources */ = {isa = PBXBuildFile; fileRef = 18EAD5D32B6C4F290035E40D /* DescriptionCard.swift */; };
/* End PBXBuildFile section */

/* Begin PBXFileReference section */
		18EAD5502B6C3FE30035E40D /* WorldOfPAYBACK.app */ = {isa = PBXFileReference; explicitFileType = wrapper.application; includeInIndex = 0; path = WorldOfPAYBACK.app; sourceTree = BUILT_PRODUCTS_DIR; };
		18EAD5532B6C3FE30035E40D /* WorldOfPAYBACKApp.swift */ = {isa = PBXFileReference; lastKnownFileType = sourcecode.swift; path = WorldOfPAYBACKApp.swift; sourceTree = "<group>"; };
		18EAD5552B6C3FE30035E40D /* MainView.swift */ = {isa = PBXFileReference; lastKnownFileType = sourcecode.swift; path = MainView.swift; sourceTree = "<group>"; };
		18EAD5572B6C3FE40035E40D /* Assets.xcassets */ = {isa = PBXFileReference; lastKnownFileType = folder.assetcatalog; path = Assets.xcassets; sourceTree = "<group>"; };
		18EAD55A2B6C3FE40035E40D /* Preview Assets.xcassets */ = {isa = PBXFileReference; lastKnownFileType = folder.assetcatalog; path = "Preview Assets.xcassets"; sourceTree = "<group>"; };
		18EAD5642B6C41540035E40D /* RouterView.swift */ = {isa = PBXFileReference; lastKnownFileType = sourcecode.swift; path = RouterView.swift; sourceTree = "<group>"; };
		18EAD5662B6C41B80035E40D /* Router.swift */ = {isa = PBXFileReference; lastKnownFileType = sourcecode.swift; path = Router.swift; sourceTree = "<group>"; };
		18EAD5682B6C41DB0035E40D /* AppRoute.swift */ = {isa = PBXFileReference; lastKnownFileType = sourcecode.swift; path = AppRoute.swift; sourceTree = "<group>"; };
		18EAD56B2B6C421A0035E40D /* DashboardView.swift */ = {isa = PBXFileReference; lastKnownFileType = sourcecode.swift; path = DashboardView.swift; sourceTree = "<group>"; };
		18EAD56E2B6C42340035E40D /* TransactionsView.swift */ = {isa = PBXFileReference; lastKnownFileType = sourcecode.swift; path = TransactionsView.swift; sourceTree = "<group>"; };
		18EAD5712B6C423F0035E40D /* FilterView.swift */ = {isa = PBXFileReference; lastKnownFileType = sourcecode.swift; path = FilterView.swift; sourceTree = "<group>"; };
		18EAD5772B6C436B0035E40D /* NavigationView.swift */ = {isa = PBXFileReference; lastKnownFileType = sourcecode.swift; path = NavigationView.swift; sourceTree = "<group>"; };
		18EAD57C2B6C43FE0035E40D /* Theme+Dimensions.swift */ = {isa = PBXFileReference; fileEncoding = 4; lastKnownFileType = sourcecode.swift; path = "Theme+Dimensions.swift"; sourceTree = "<group>"; };
		18EAD57D2B6C43FE0035E40D /* Theme+Fonts.swift */ = {isa = PBXFileReference; fileEncoding = 4; lastKnownFileType = sourcecode.swift; path = "Theme+Fonts.swift"; sourceTree = "<group>"; };
		18EAD57E2B6C43FE0035E40D /* Theme+Constants.swift */ = {isa = PBXFileReference; fileEncoding = 4; lastKnownFileType = sourcecode.swift; path = "Theme+Constants.swift"; sourceTree = "<group>"; };
		18EAD57F2B6C43FE0035E40D /* Theme+Colors.swift */ = {isa = PBXFileReference; fileEncoding = 4; lastKnownFileType = sourcecode.swift; path = "Theme+Colors.swift"; sourceTree = "<group>"; };
		18EAD5942B6C47A90035E40D /* Alias.swift */ = {isa = PBXFileReference; lastKnownFileType = sourcecode.swift; path = Alias.swift; sourceTree = "<group>"; };
		18EAD5962B6C47B10035E40D /* Transaction.swift */ = {isa = PBXFileReference; lastKnownFileType = sourcecode.swift; path = Transaction.swift; sourceTree = "<group>"; };
		18EAD5982B6C47BD0035E40D /* TransactionDetail.swift */ = {isa = PBXFileReference; lastKnownFileType = sourcecode.swift; path = TransactionDetail.swift; sourceTree = "<group>"; };
		18EAD59A2B6C47C30035E40D /* TransactionsContainer.swift */ = {isa = PBXFileReference; lastKnownFileType = sourcecode.swift; path = TransactionsContainer.swift; sourceTree = "<group>"; };
		18EAD59C2B6C47C90035E40D /* Value.swift */ = {isa = PBXFileReference; lastKnownFileType = sourcecode.swift; path = Value.swift; sourceTree = "<group>"; };
		18EAD59E2B6C47D90035E40D /* TransactionMock.swift */ = {isa = PBXFileReference; lastKnownFileType = sourcecode.swift; path = TransactionMock.swift; sourceTree = "<group>"; };
		18EAD5A02B6C47E00035E40D /* IdentifiableTransaction.swift */ = {isa = PBXFileReference; lastKnownFileType = sourcecode.swift; path = IdentifiableTransaction.swift; sourceTree = "<group>"; };
		18EAD5A32B6C48610035E40D /* APIConstants.swift */ = {isa = PBXFileReference; lastKnownFileType = sourcecode.swift; path = APIConstants.swift; sourceTree = "<group>"; };
		18EAD5A62B6C48940035E40D /* APIToken.swift */ = {isa = PBXFileReference; lastKnownFileType = sourcecode.swift; path = APIToken.swift; sourceTree = "<group>"; };
		18EAD5A82B6C48BB0035E40D /* AccessTokenManager.swift */ = {isa = PBXFileReference; lastKnownFileType = sourcecode.swift; path = AccessTokenManager.swift; sourceTree = "<group>"; };
		18EAD5AB2B6C49570035E40D /* TransactionsRequest.swift */ = {isa = PBXFileReference; lastKnownFileType = sourcecode.swift; path = TransactionsRequest.swift; sourceTree = "<group>"; };
		18EAD5AE2B6C498B0035E40D /* AuthTokenRequest.swift */ = {isa = PBXFileReference; lastKnownFileType = sourcecode.swift; path = AuthTokenRequest.swift; sourceTree = "<group>"; };
		18EAD5B12B6C49D40035E40D /* DataParser.swift */ = {isa = PBXFileReference; lastKnownFileType = sourcecode.swift; path = DataParser.swift; sourceTree = "<group>"; };
		18EAD5B42B6C4A000035E40D /* RequestManager.swift */ = {isa = PBXFileReference; lastKnownFileType = sourcecode.swift; path = RequestManager.swift; sourceTree = "<group>"; };
		18EAD5B62B6C4A3F0035E40D /* APIManager.swift */ = {isa = PBXFileReference; lastKnownFileType = sourcecode.swift; path = APIManager.swift; sourceTree = "<group>"; };
		18EAD5B82B6C4A710035E40D /* NetworkError.swift */ = {isa = PBXFileReference; lastKnownFileType = sourcecode.swift; path = NetworkError.swift; sourceTree = "<group>"; };
		18EAD5BB2B6C4ADF0035E40D /* RequestProtocol.swift */ = {isa = PBXFileReference; lastKnownFileType = sourcecode.swift; path = RequestProtocol.swift; sourceTree = "<group>"; };
		18EAD5BD2B6C4B180035E40D /* RequestType.swift */ = {isa = PBXFileReference; lastKnownFileType = sourcecode.swift; path = RequestType.swift; sourceTree = "<group>"; };
		18EAD5C02B6C4B750035E40D /* AppUserDefaultsKeys.swift */ = {isa = PBXFileReference; lastKnownFileType = sourcecode.swift; path = AppUserDefaultsKeys.swift; sourceTree = "<group>"; };
		18EAD5C22B6C4B860035E40D /* NetworkMonitor.swift */ = {isa = PBXFileReference; lastKnownFileType = sourcecode.swift; path = NetworkMonitor.swift; sourceTree = "<group>"; };
		18EAD5C42B6C4BB80035E40D /* DateHelper.swift */ = {isa = PBXFileReference; lastKnownFileType = sourcecode.swift; path = DateHelper.swift; sourceTree = "<group>"; };
		18EAD5C62B6C4C050035E40D /* PBTransactions.json */ = {isa = PBXFileReference; fileEncoding = 4; lastKnownFileType = text.json; path = PBTransactions.json; sourceTree = "<group>"; };
		18EAD5C92B6C4C3F0035E40D /* Array+Extension.swift */ = {isa = PBXFileReference; lastKnownFileType = sourcecode.swift; path = "Array+Extension.swift"; sourceTree = "<group>"; };
		18EAD5CB2B6C4D0B0035E40D /* String+Extension.swift */ = {isa = PBXFileReference; lastKnownFileType = sourcecode.swift; path = "String+Extension.swift"; sourceTree = "<group>"; };
		18EAD5CE2B6C4E180035E40D /* TransactionRow.swift */ = {isa = PBXFileReference; lastKnownFileType = sourcecode.swift; path = TransactionRow.swift; sourceTree = "<group>"; };
		18EAD5D12B6C4EE20035E40D /* RowCard.swift */ = {isa = PBXFileReference; lastKnownFileType = sourcecode.swift; path = RowCard.swift; sourceTree = "<group>"; };
		18EAD5D32B6C4F290035E40D /* DescriptionCard.swift */ = {isa = PBXFileReference; lastKnownFileType = sourcecode.swift; path = DescriptionCard.swift; sourceTree = "<group>"; };
/* End PBXFileReference section */

/* Begin PBXFrameworksBuildPhase section */
		18EAD54D2B6C3FE30035E40D /* Frameworks */ = {
			isa = PBXFrameworksBuildPhase;
			buildActionMask = 2147483647;
			files = (
			);
			runOnlyForDeploymentPostprocessing = 0;
		};
/* End PBXFrameworksBuildPhase section */

/* Begin PBXGroup section */
		18EAD5472B6C3FE30035E40D = {
			isa = PBXGroup;
			children = (
				18EAD5522B6C3FE30035E40D /* WorldOfPAYBACK */,
				18EAD5512B6C3FE30035E40D /* Products */,
			);
			sourceTree = "<group>";
		};
		18EAD5512B6C3FE30035E40D /* Products */ = {
			isa = PBXGroup;
			children = (
				18EAD5502B6C3FE30035E40D /* WorldOfPAYBACK.app */,
			);
			name = Products;
			sourceTree = "<group>";
		};
		18EAD5522B6C3FE30035E40D /* WorldOfPAYBACK */ = {
			isa = PBXGroup;
			children = (
				18EAD5842B6C45640035E40D /* Networking */,
				18EAD5742B6C434E0035E40D /* UI Components */,
				18EAD5732B6C433D0035E40D /* General */,
				18EAD5612B6C412E0035E40D /* Features */,
				18EAD5592B6C3FE40035E40D /* Preview Content */,
			);
			path = WorldOfPAYBACK;
			sourceTree = "<group>";
		};
		18EAD5592B6C3FE40035E40D /* Preview Content */ = {
			isa = PBXGroup;
			children = (
				18EAD55A2B6C3FE40035E40D /* Preview Assets.xcassets */,
				18EAD5C62B6C4C050035E40D /* PBTransactions.json */,
			);
			path = "Preview Content";
			sourceTree = "<group>";
		};
		18EAD5612B6C412E0035E40D /* Features */ = {
			isa = PBXGroup;
			children = (
				18EAD5702B6C423A0035E40D /* FilterView */,
				18EAD56D2B6C421F0035E40D /* TransactionsView */,
				18EAD56A2B6C420F0035E40D /* Dashboard */,
				18EAD5632B6C41410035E40D /* Router */,
				18EAD5622B6C41350035E40D /* MainView */,
			);
			path = Features;
			sourceTree = "<group>";
		};
		18EAD5622B6C41350035E40D /* MainView */ = {
			isa = PBXGroup;
			children = (
				18EAD5552B6C3FE30035E40D /* MainView.swift */,
			);
			path = MainView;
			sourceTree = "<group>";
		};
		18EAD5632B6C41410035E40D /* Router */ = {
			isa = PBXGroup;
			children = (
				18EAD5642B6C41540035E40D /* RouterView.swift */,
				18EAD5662B6C41B80035E40D /* Router.swift */,
				18EAD5682B6C41DB0035E40D /* AppRoute.swift */,
			);
			path = Router;
			sourceTree = "<group>";
		};
		18EAD56A2B6C420F0035E40D /* Dashboard */ = {
			isa = PBXGroup;
			children = (
				18EAD56B2B6C421A0035E40D /* DashboardView.swift */,
			);
			path = Dashboard;
			sourceTree = "<group>";
		};
		18EAD56D2B6C421F0035E40D /* TransactionsView */ = {
			isa = PBXGroup;
			children = (
				18EAD56E2B6C42340035E40D /* TransactionsView.swift */,
			);
			path = TransactionsView;
			sourceTree = "<group>";
		};
		18EAD5702B6C423A0035E40D /* FilterView */ = {
			isa = PBXGroup;
			children = (
				18EAD5712B6C423F0035E40D /* FilterView.swift */,
			);
			path = FilterView;
			sourceTree = "<group>";
		};
		18EAD5732B6C433D0035E40D /* General */ = {
			isa = PBXGroup;
			children = (
				18EAD5D02B6C4ED10035E40D /* Modifiers */,
				18EAD5C82B6C4C330035E40D /* Extensions */,
				18EAD5BF2B6C4B590035E40D /* Utils */,
				18EAD57B2B6C43970035E40D /* Theme */,
				18EAD57A2B6C438E0035E40D /* Initial View */,
				18EAD5792B6C43890035E40D /* Assets */,
			);
			path = General;
			sourceTree = "<group>";
		};
		18EAD5742B6C434E0035E40D /* UI Components */ = {
			isa = PBXGroup;
			children = (
				18EAD5752B6C43560035E40D /* Views */,
			);
			path = "UI Components";
			sourceTree = "<group>";
		};
		18EAD5752B6C43560035E40D /* Views */ = {
			isa = PBXGroup;
			children = (
				18EAD5CD2B6C4E090035E40D /* TransactionRowCard */,
				18EAD5762B6C435B0035E40D /* Navigation View */,
			);
			path = Views;
			sourceTree = "<group>";
		};
		18EAD5762B6C435B0035E40D /* Navigation View */ = {
			isa = PBXGroup;
			children = (
				18EAD5772B6C436B0035E40D /* NavigationView.swift */,
			);
			path = "Navigation View";
			sourceTree = "<group>";
		};
		18EAD5792B6C43890035E40D /* Assets */ = {
			isa = PBXGroup;
			children = (
				18EAD5572B6C3FE40035E40D /* Assets.xcassets */,
			);
			path = Assets;
			sourceTree = "<group>";
		};
		18EAD57A2B6C438E0035E40D /* Initial View */ = {
			isa = PBXGroup;
			children = (
				18EAD5532B6C3FE30035E40D /* WorldOfPAYBACKApp.swift */,
			);
			path = "Initial View";
			sourceTree = "<group>";
		};
		18EAD57B2B6C43970035E40D /* Theme */ = {
			isa = PBXGroup;
			children = (
				18EAD57F2B6C43FE0035E40D /* Theme+Colors.swift */,
				18EAD57E2B6C43FE0035E40D /* Theme+Constants.swift */,
				18EAD57C2B6C43FE0035E40D /* Theme+Dimensions.swift */,
				18EAD57D2B6C43FE0035E40D /* Theme+Fonts.swift */,
			);
			path = Theme;
			sourceTree = "<group>";
		};
		18EAD5842B6C45640035E40D /* Networking */ = {
			isa = PBXGroup;
			children = (
				18EAD5A22B6C48490035E40D /* API */,
				18EAD5852B6C47380035E40D /* Model */,
			);
			path = Networking;
			sourceTree = "<group>";
		};
		18EAD5852B6C47380035E40D /* Model */ = {
			isa = PBXGroup;
			children = (
				18EAD5942B6C47A90035E40D /* Alias.swift */,
				18EAD5962B6C47B10035E40D /* Transaction.swift */,
				18EAD5982B6C47BD0035E40D /* TransactionDetail.swift */,
				18EAD59A2B6C47C30035E40D /* TransactionsContainer.swift */,
				18EAD59C2B6C47C90035E40D /* Value.swift */,
				18EAD59E2B6C47D90035E40D /* TransactionMock.swift */,
				18EAD5A02B6C47E00035E40D /* IdentifiableTransaction.swift */,
			);
			path = Model;
			sourceTree = "<group>";
		};
		18EAD5A22B6C48490035E40D /* API */ = {
			isa = PBXGroup;
			children = (
				18EAD5BA2B6C4AD80035E40D /* Request */,
				18EAD5B32B6C49EE0035E40D /* Network */,
				18EAD5B02B6C49C00035E40D /* Parser */,
				18EAD5AD2B6C49850035E40D /* Auth */,
				18EAD5AA2B6C494D0035E40D /* Transactions */,
				18EAD5A52B6C48820035E40D /* Token */,
				18EAD5A32B6C48610035E40D /* APIConstants.swift */,
			);
			path = API;
			sourceTree = "<group>";
		};
		18EAD5A52B6C48820035E40D /* Token */ = {
			isa = PBXGroup;
			children = (
				18EAD5A62B6C48940035E40D /* APIToken.swift */,
				18EAD5A82B6C48BB0035E40D /* AccessTokenManager.swift */,
			);
			path = Token;
			sourceTree = "<group>";
		};
		18EAD5AA2B6C494D0035E40D /* Transactions */ = {
			isa = PBXGroup;
			children = (
				18EAD5AB2B6C49570035E40D /* TransactionsRequest.swift */,
			);
			path = Transactions;
			sourceTree = "<group>";
		};
		18EAD5AD2B6C49850035E40D /* Auth */ = {
			isa = PBXGroup;
			children = (
				18EAD5AE2B6C498B0035E40D /* AuthTokenRequest.swift */,
			);
			path = Auth;
			sourceTree = "<group>";
		};
		18EAD5B02B6C49C00035E40D /* Parser */ = {
			isa = PBXGroup;
			children = (
				18EAD5B12B6C49D40035E40D /* DataParser.swift */,
			);
			path = Parser;
			sourceTree = "<group>";
		};
		18EAD5B32B6C49EE0035E40D /* Network */ = {
			isa = PBXGroup;
			children = (
				18EAD5B42B6C4A000035E40D /* RequestManager.swift */,
				18EAD5B62B6C4A3F0035E40D /* APIManager.swift */,
				18EAD5B82B6C4A710035E40D /* NetworkError.swift */,
			);
			path = Network;
			sourceTree = "<group>";
		};
		18EAD5BA2B6C4AD80035E40D /* Request */ = {
			isa = PBXGroup;
			children = (
				18EAD5BB2B6C4ADF0035E40D /* RequestProtocol.swift */,
				18EAD5BD2B6C4B180035E40D /* RequestType.swift */,
			);
			path = Request;
			sourceTree = "<group>";
		};
		18EAD5BF2B6C4B590035E40D /* Utils */ = {
			isa = PBXGroup;
			children = (
				18EAD5C02B6C4B750035E40D /* AppUserDefaultsKeys.swift */,
				18EAD5C22B6C4B860035E40D /* NetworkMonitor.swift */,
				18EAD5C42B6C4BB80035E40D /* DateHelper.swift */,
			);
			path = Utils;
			sourceTree = "<group>";
		};
		18EAD5C82B6C4C330035E40D /* Extensions */ = {
			isa = PBXGroup;
			children = (
				18EAD5C92B6C4C3F0035E40D /* Array+Extension.swift */,
				18EAD5CB2B6C4D0B0035E40D /* String+Extension.swift */,
			);
			path = Extensions;
			sourceTree = "<group>";
		};
		18EAD5CD2B6C4E090035E40D /* TransactionRowCard */ = {
			isa = PBXGroup;
			children = (
				18EAD5CE2B6C4E180035E40D /* TransactionRow.swift */,
			);
			path = TransactionRowCard;
			sourceTree = "<group>";
		};
		18EAD5D02B6C4ED10035E40D /* Modifiers */ = {
			isa = PBXGroup;
			children = (
				18EAD5D12B6C4EE20035E40D /* RowCard.swift */,
				18EAD5D32B6C4F290035E40D /* DescriptionCard.swift */,
			);
			path = Modifiers;
			sourceTree = "<group>";
		};
/* End PBXGroup section */

/* Begin PBXNativeTarget section */
		18EAD54F2B6C3FE30035E40D /* WorldOfPAYBACK */ = {
			isa = PBXNativeTarget;
			buildConfigurationList = 18EAD55E2B6C3FE40035E40D /* Build configuration list for PBXNativeTarget "WorldOfPAYBACK" */;
			buildPhases = (
				18EAD54C2B6C3FE30035E40D /* Sources */,
				18EAD54D2B6C3FE30035E40D /* Frameworks */,
				18EAD54E2B6C3FE30035E40D /* Resources */,
			);
			buildRules = (
			);
			dependencies = (
			);
			name = WorldOfPAYBACK;
			productName = WorldOfPAYBACK;
			productReference = 18EAD5502B6C3FE30035E40D /* WorldOfPAYBACK.app */;
			productType = "com.apple.product-type.application";
		};
/* End PBXNativeTarget section */

/* Begin PBXProject section */
		18EAD5482B6C3FE30035E40D /* Project object */ = {
			isa = PBXProject;
			attributes = {
				BuildIndependentTargetsInParallel = 1;
				LastSwiftUpdateCheck = 1500;
				LastUpgradeCheck = 1500;
				TargetAttributes = {
					18EAD54F2B6C3FE30035E40D = {
						CreatedOnToolsVersion = 15.0;
					};
				};
			};
			buildConfigurationList = 18EAD54B2B6C3FE30035E40D /* Build configuration list for PBXProject "WorldOfPAYBACK" */;
			compatibilityVersion = "Xcode 14.0";
			developmentRegion = en;
			hasScannedForEncodings = 0;
			knownRegions = (
				en,
				Base,
			);
			mainGroup = 18EAD5472B6C3FE30035E40D;
			productRefGroup = 18EAD5512B6C3FE30035E40D /* Products */;
			projectDirPath = "";
			projectRoot = "";
			targets = (
				18EAD54F2B6C3FE30035E40D /* WorldOfPAYBACK */,
			);
		};
/* End PBXProject section */

/* Begin PBXResourcesBuildPhase section */
		18EAD54E2B6C3FE30035E40D /* Resources */ = {
			isa = PBXResourcesBuildPhase;
			buildActionMask = 2147483647;
			files = (
				18EAD55B2B6C3FE40035E40D /* Preview Assets.xcassets in Resources */,
				18EAD5C72B6C4C050035E40D /* PBTransactions.json in Resources */,
				18EAD5582B6C3FE40035E40D /* Assets.xcassets in Resources */,
			);
			runOnlyForDeploymentPostprocessing = 0;
		};
/* End PBXResourcesBuildPhase section */

/* Begin PBXSourcesBuildPhase section */
		18EAD54C2B6C3FE30035E40D /* Sources */ = {
			isa = PBXSourcesBuildPhase;
			buildActionMask = 2147483647;
			files = (
				18EAD59F2B6C47D90035E40D /* TransactionMock.swift in Sources */,
				18EAD5B92B6C4A710035E40D /* NetworkError.swift in Sources */,
				18EAD5672B6C41B80035E40D /* Router.swift in Sources */,
				18EAD5832B6C43FE0035E40D /* Theme+Colors.swift in Sources */,
				18EAD5782B6C436B0035E40D /* NavigationView.swift in Sources */,
				18EAD56C2B6C421A0035E40D /* DashboardView.swift in Sources */,
				18EAD5652B6C41540035E40D /* RouterView.swift in Sources */,
				18EAD5B52B6C4A000035E40D /* RequestManager.swift in Sources */,
				18EAD5C12B6C4B750035E40D /* AppUserDefaultsKeys.swift in Sources */,
				18EAD5C52B6C4BB80035E40D /* DateHelper.swift in Sources */,
				18EAD5CF2B6C4E180035E40D /* TransactionRow.swift in Sources */,
				18EAD5AC2B6C49570035E40D /* TransactionsRequest.swift in Sources */,
				18EAD5CA2B6C4C3F0035E40D /* Array+Extension.swift in Sources */,
				18EAD5BC2B6C4ADF0035E40D /* RequestProtocol.swift in Sources */,
				18EAD59D2B6C47C90035E40D /* Value.swift in Sources */,
				18EAD59B2B6C47C30035E40D /* TransactionsContainer.swift in Sources */,
				18EAD5D22B6C4EE20035E40D /* RowCard.swift in Sources */,
				18EAD5A42B6C48610035E40D /* APIConstants.swift in Sources */,
				18EAD5B22B6C49D40035E40D /* DataParser.swift in Sources */,
				18EAD5802B6C43FE0035E40D /* Theme+Dimensions.swift in Sources */,
				18EAD5BE2B6C4B180035E40D /* RequestType.swift in Sources */,
				18EAD5A72B6C48940035E40D /* APIToken.swift in Sources */,
				18EAD5952B6C47A90035E40D /* Alias.swift in Sources */,
				18EAD5562B6C3FE30035E40D /* MainView.swift in Sources */,
				18EAD5722B6C423F0035E40D /* FilterView.swift in Sources */,
				18EAD5822B6C43FE0035E40D /* Theme+Constants.swift in Sources */,
				18EAD5C32B6C4B860035E40D /* NetworkMonitor.swift in Sources */,
				18EAD5542B6C3FE30035E40D /* WorldOfPAYBACKApp.swift in Sources */,
				18EAD5A12B6C47E10035E40D /* IdentifiableTransaction.swift in Sources */,
				18EAD5D42B6C4F290035E40D /* DescriptionCard.swift in Sources */,
				18EAD5B72B6C4A3F0035E40D /* APIManager.swift in Sources */,
				18EAD5CC2B6C4D0B0035E40D /* String+Extension.swift in Sources */,
				18EAD5AF2B6C498B0035E40D /* AuthTokenRequest.swift in Sources */,
				18EAD5A92B6C48BB0035E40D /* AccessTokenManager.swift in Sources */,
				18EAD5992B6C47BD0035E40D /* TransactionDetail.swift in Sources */,
				18EAD5812B6C43FE0035E40D /* Theme+Fonts.swift in Sources */,
				18EAD5692B6C41DB0035E40D /* AppRoute.swift in Sources */,
				18EAD56F2B6C42340035E40D /* TransactionsView.swift in Sources */,
				18EAD5972B6C47B10035E40D /* Transaction.swift in Sources */,
			);
			runOnlyForDeploymentPostprocessing = 0;
		};
/* End PBXSourcesBuildPhase section */

/* Begin XCBuildConfiguration section */
		18EAD55C2B6C3FE40035E40D /* Debug */ = {
			isa = XCBuildConfiguration;
			buildSettings = {
				ALWAYS_SEARCH_USER_PATHS = NO;
				ASSETCATALOG_COMPILER_GENERATE_SWIFT_ASSET_SYMBOL_EXTENSIONS = YES;
				CLANG_ANALYZER_NONNULL = YES;
				CLANG_ANALYZER_NUMBER_OBJECT_CONVERSION = YES_AGGRESSIVE;
				CLANG_CXX_LANGUAGE_STANDARD = "gnu++20";
				CLANG_ENABLE_MODULES = YES;
				CLANG_ENABLE_OBJC_ARC = YES;
				CLANG_ENABLE_OBJC_WEAK = YES;
				CLANG_WARN_BLOCK_CAPTURE_AUTORELEASING = YES;
				CLANG_WARN_BOOL_CONVERSION = YES;
				CLANG_WARN_COMMA = YES;
				CLANG_WARN_CONSTANT_CONVERSION = YES;
				CLANG_WARN_DEPRECATED_OBJC_IMPLEMENTATIONS = YES;
				CLANG_WARN_DIRECT_OBJC_ISA_USAGE = YES_ERROR;
				CLANG_WARN_DOCUMENTATION_COMMENTS = YES;
				CLANG_WARN_EMPTY_BODY = YES;
				CLANG_WARN_ENUM_CONVERSION = YES;
				CLANG_WARN_INFINITE_RECURSION = YES;
				CLANG_WARN_INT_CONVERSION = YES;
				CLANG_WARN_NON_LITERAL_NULL_CONVERSION = YES;
				CLANG_WARN_OBJC_IMPLICIT_RETAIN_SELF = YES;
				CLANG_WARN_OBJC_LITERAL_CONVERSION = YES;
				CLANG_WARN_OBJC_ROOT_CLASS = YES_ERROR;
				CLANG_WARN_QUOTED_INCLUDE_IN_FRAMEWORK_HEADER = YES;
				CLANG_WARN_RANGE_LOOP_ANALYSIS = YES;
				CLANG_WARN_STRICT_PROTOTYPES = YES;
				CLANG_WARN_SUSPICIOUS_MOVE = YES;
				CLANG_WARN_UNGUARDED_AVAILABILITY = YES_AGGRESSIVE;
				CLANG_WARN_UNREACHABLE_CODE = YES;
				CLANG_WARN__DUPLICATE_METHOD_MATCH = YES;
				COPY_PHASE_STRIP = NO;
				DEBUG_INFORMATION_FORMAT = dwarf;
				ENABLE_STRICT_OBJC_MSGSEND = YES;
				ENABLE_TESTABILITY = YES;
				ENABLE_USER_SCRIPT_SANDBOXING = YES;
				GCC_C_LANGUAGE_STANDARD = gnu17;
				GCC_DYNAMIC_NO_PIC = NO;
				GCC_NO_COMMON_BLOCKS = YES;
				GCC_OPTIMIZATION_LEVEL = 0;
				GCC_PREPROCESSOR_DEFINITIONS = (
					"DEBUG=1",
					"$(inherited)",
				);
				GCC_WARN_64_TO_32_BIT_CONVERSION = YES;
				GCC_WARN_ABOUT_RETURN_TYPE = YES_ERROR;
				GCC_WARN_UNDECLARED_SELECTOR = YES;
				GCC_WARN_UNINITIALIZED_AUTOS = YES_AGGRESSIVE;
				GCC_WARN_UNUSED_FUNCTION = YES;
				GCC_WARN_UNUSED_VARIABLE = YES;
				IPHONEOS_DEPLOYMENT_TARGET = 17.0;
				LOCALIZATION_PREFERS_STRING_CATALOGS = YES;
				MTL_ENABLE_DEBUG_INFO = INCLUDE_SOURCE;
				MTL_FAST_MATH = YES;
				ONLY_ACTIVE_ARCH = YES;
				SDKROOT = iphoneos;
				SWIFT_ACTIVE_COMPILATION_CONDITIONS = "DEBUG $(inherited)";
				SWIFT_OPTIMIZATION_LEVEL = "-Onone";
			};
			name = Debug;
		};
		18EAD55D2B6C3FE40035E40D /* Release */ = {
			isa = XCBuildConfiguration;
			buildSettings = {
				ALWAYS_SEARCH_USER_PATHS = NO;
				ASSETCATALOG_COMPILER_GENERATE_SWIFT_ASSET_SYMBOL_EXTENSIONS = YES;
				CLANG_ANALYZER_NONNULL = YES;
				CLANG_ANALYZER_NUMBER_OBJECT_CONVERSION = YES_AGGRESSIVE;
				CLANG_CXX_LANGUAGE_STANDARD = "gnu++20";
				CLANG_ENABLE_MODULES = YES;
				CLANG_ENABLE_OBJC_ARC = YES;
				CLANG_ENABLE_OBJC_WEAK = YES;
				CLANG_WARN_BLOCK_CAPTURE_AUTORELEASING = YES;
				CLANG_WARN_BOOL_CONVERSION = YES;
				CLANG_WARN_COMMA = YES;
				CLANG_WARN_CONSTANT_CONVERSION = YES;
				CLANG_WARN_DEPRECATED_OBJC_IMPLEMENTATIONS = YES;
				CLANG_WARN_DIRECT_OBJC_ISA_USAGE = YES_ERROR;
				CLANG_WARN_DOCUMENTATION_COMMENTS = YES;
				CLANG_WARN_EMPTY_BODY = YES;
				CLANG_WARN_ENUM_CONVERSION = YES;
				CLANG_WARN_INFINITE_RECURSION = YES;
				CLANG_WARN_INT_CONVERSION = YES;
				CLANG_WARN_NON_LITERAL_NULL_CONVERSION = YES;
				CLANG_WARN_OBJC_IMPLICIT_RETAIN_SELF = YES;
				CLANG_WARN_OBJC_LITERAL_CONVERSION = YES;
				CLANG_WARN_OBJC_ROOT_CLASS = YES_ERROR;
				CLANG_WARN_QUOTED_INCLUDE_IN_FRAMEWORK_HEADER = YES;
				CLANG_WARN_RANGE_LOOP_ANALYSIS = YES;
				CLANG_WARN_STRICT_PROTOTYPES = YES;
				CLANG_WARN_SUSPICIOUS_MOVE = YES;
				CLANG_WARN_UNGUARDED_AVAILABILITY = YES_AGGRESSIVE;
				CLANG_WARN_UNREACHABLE_CODE = YES;
				CLANG_WARN__DUPLICATE_METHOD_MATCH = YES;
				COPY_PHASE_STRIP = NO;
				DEBUG_INFORMATION_FORMAT = "dwarf-with-dsym";
				ENABLE_NS_ASSERTIONS = NO;
				ENABLE_STRICT_OBJC_MSGSEND = YES;
				ENABLE_USER_SCRIPT_SANDBOXING = YES;
				GCC_C_LANGUAGE_STANDARD = gnu17;
				GCC_NO_COMMON_BLOCKS = YES;
				GCC_WARN_64_TO_32_BIT_CONVERSION = YES;
				GCC_WARN_ABOUT_RETURN_TYPE = YES_ERROR;
				GCC_WARN_UNDECLARED_SELECTOR = YES;
				GCC_WARN_UNINITIALIZED_AUTOS = YES_AGGRESSIVE;
				GCC_WARN_UNUSED_FUNCTION = YES;
				GCC_WARN_UNUSED_VARIABLE = YES;
				IPHONEOS_DEPLOYMENT_TARGET = 17.0;
				LOCALIZATION_PREFERS_STRING_CATALOGS = YES;
				MTL_ENABLE_DEBUG_INFO = NO;
				MTL_FAST_MATH = YES;
				SDKROOT = iphoneos;
				SWIFT_COMPILATION_MODE = wholemodule;
				VALIDATE_PRODUCT = YES;
			};
			name = Release;
		};
		18EAD55F2B6C3FE40035E40D /* Debug */ = {
			isa = XCBuildConfiguration;
			buildSettings = {
				ASSETCATALOG_COMPILER_APPICON_NAME = AppIcon;
				ASSETCATALOG_COMPILER_GLOBAL_ACCENT_COLOR_NAME = AccentColor;
				CODE_SIGN_STYLE = Automatic;
				CURRENT_PROJECT_VERSION = 1;
				DEVELOPMENT_ASSET_PATHS = "\"WorldOfPAYBACK/Preview Content\"";
				DEVELOPMENT_TEAM = U42Y6Q59FU;
				ENABLE_PREVIEWS = YES;
				GENERATE_INFOPLIST_FILE = YES;
				INFOPLIST_KEY_UIApplicationSceneManifest_Generation = YES;
				INFOPLIST_KEY_UIApplicationSupportsIndirectInputEvents = YES;
				INFOPLIST_KEY_UILaunchScreen_Generation = YES;
				INFOPLIST_KEY_UISupportedInterfaceOrientations_iPad = "UIInterfaceOrientationPortrait UIInterfaceOrientationPortraitUpsideDown UIInterfaceOrientationLandscapeLeft UIInterfaceOrientationLandscapeRight";
				INFOPLIST_KEY_UISupportedInterfaceOrientations_iPhone = "UIInterfaceOrientationPortrait UIInterfaceOrientationLandscapeLeft UIInterfaceOrientationLandscapeRight";
				LD_RUNPATH_SEARCH_PATHS = (
					"$(inherited)",
					"@executable_path/Frameworks",
				);
				MARKETING_VERSION = 1.0;
				PRODUCT_BUNDLE_IDENTIFIER = VM.WorldOfPAYBACK;
				PRODUCT_NAME = "$(TARGET_NAME)";
				SWIFT_EMIT_LOC_STRINGS = YES;
				SWIFT_VERSION = 5.0;
				TARGETED_DEVICE_FAMILY = "1,2";
			};
			name = Debug;
		};
		18EAD5602B6C3FE40035E40D /* Release */ = {
			isa = XCBuildConfiguration;
			buildSettings = {
				ASSETCATALOG_COMPILER_APPICON_NAME = AppIcon;
				ASSETCATALOG_COMPILER_GLOBAL_ACCENT_COLOR_NAME = AccentColor;
				CODE_SIGN_STYLE = Automatic;
				CURRENT_PROJECT_VERSION = 1;
				DEVELOPMENT_ASSET_PATHS = "\"WorldOfPAYBACK/Preview Content\"";
				DEVELOPMENT_TEAM = U42Y6Q59FU;
				ENABLE_PREVIEWS = YES;
				GENERATE_INFOPLIST_FILE = YES;
				INFOPLIST_KEY_UIApplicationSceneManifest_Generation = YES;
				INFOPLIST_KEY_UIApplicationSupportsIndirectInputEvents = YES;
				INFOPLIST_KEY_UILaunchScreen_Generation = YES;
				INFOPLIST_KEY_UISupportedInterfaceOrientations_iPad = "UIInterfaceOrientationPortrait UIInterfaceOrientationPortraitUpsideDown UIInterfaceOrientationLandscapeLeft UIInterfaceOrientationLandscapeRight";
				INFOPLIST_KEY_UISupportedInterfaceOrientations_iPhone = "UIInterfaceOrientationPortrait UIInterfaceOrientationLandscapeLeft UIInterfaceOrientationLandscapeRight";
				LD_RUNPATH_SEARCH_PATHS = (
					"$(inherited)",
					"@executable_path/Frameworks",
				);
				MARKETING_VERSION = 1.0;
				PRODUCT_BUNDLE_IDENTIFIER = VM.WorldOfPAYBACK;
				PRODUCT_NAME = "$(TARGET_NAME)";
				SWIFT_EMIT_LOC_STRINGS = YES;
				SWIFT_VERSION = 5.0;
				TARGETED_DEVICE_FAMILY = "1,2";
			};
			name = Release;
		};
/* End XCBuildConfiguration section */

/* Begin XCConfigurationList section */
		18EAD54B2B6C3FE30035E40D /* Build configuration list for PBXProject "WorldOfPAYBACK" */ = {
			isa = XCConfigurationList;
			buildConfigurations = (
				18EAD55C2B6C3FE40035E40D /* Debug */,
				18EAD55D2B6C3FE40035E40D /* Release */,
			);
			defaultConfigurationIsVisible = 0;
			defaultConfigurationName = Release;
		};
		18EAD55E2B6C3FE40035E40D /* Build configuration list for PBXNativeTarget "WorldOfPAYBACK" */ = {
			isa = XCConfigurationList;
			buildConfigurations = (
				18EAD55F2B6C3FE40035E40D /* Debug */,
				18EAD5602B6C3FE40035E40D /* Release */,
			);
			defaultConfigurationIsVisible = 0;
			defaultConfigurationName = Release;
		};
/* End XCConfigurationList section */
	};
	rootObject = 18EAD5482B6C3FE30035E40D /* Project object */;
}
